
Microsoft Visual Studio Solution File, Format Version 12.00
# Visual Studio 14
VisualStudioVersion = 14.0.25420.1
MinimumVisualStudioVersion = 10.0.40219.1
Project("{2150E333-8FDC-42A3-9474-1A3956D46DE8}") = "01 Librarys", "01 Librarys", "{5C0CA99E-3EF4-4C75-A8B2-EDF8BE844298}"
EndProject
Project("{2150E333-8FDC-42A3-9474-1A3956D46DE8}") = "02 Module", "02 Module", "{B5C94C88-DC92-47D9-A20D-2086BD3F8799}"
EndProject
Project("{2150E333-8FDC-42A3-9474-1A3956D46DE8}") = "Example", "Example", "{63A1772B-2403-401F-9FCC-F8E4B76D5D43}"
EndProject
Project("{FAE04EC0-301F-11D3-BF4B-00C04F79EFBC}") = "TDF.Core", "TDF.Core\TDF.Core.csproj", "{3D097079-8875-4EF6-9D4A-F6235D47FABD}"
EndProject
Project("{FAE04EC0-301F-11D3-BF4B-00C04F79EFBC}") = "TDF.Data.EntityFramework", "TDF.Data.EntityFramework\TDF.Data.EntityFramework.csproj", "{73052BAC-0598-44AF-A466-BB3C318C4D0D}"
EndProject
Project("{FAE04EC0-301F-11D3-BF4B-00C04F79EFBC}") = "TDF.Web", "TDF.Web\TDF.Web.csproj", "{6F83CA84-FFB6-462D-BFFD-8B61EBA5F34A}"
EndProject
Project("{FAE04EC0-301F-11D3-BF4B-00C04F79EFBC}") = "TDF.Web.Authentication", "TDF.Web.Authentication\TDF.Web.Authentication.csproj", "{8A59A82C-DB1D-44F6-AA39-DCE7046B6401}"
EndProject
Project("{FAE04EC0-301F-11D3-BF4B-00C04F79EFBC}") = "TDF.Module.Images", "TDF.Module.Images\TDF.Module.Images.csproj", "{FD1B4768-289C-4B0D-966D-D2FA51B46669}"
EndProject
Project("{FAE04EC0-301F-11D3-BF4B-00C04F79EFBC}") = "TDF.Module.Scheduler.Core", "TDF.Module.Scheduler.Core\TDF.Module.Scheduler.Core.csproj", "{4A9DD239-CDDE-4284-85FF-3F23BC9A42E7}"
EndProject
Project("{2150E333-8FDC-42A3-9474-1A3956D46DE8}") = "Test", "Test", "{995D1527-FAE0-4F36-BFA7-EC492DE5E1DD}"
EndProject
Project("{FAE04EC0-301F-11D3-BF4B-00C04F79EFBC}") = "TDF.Demo.Web", "TDF.Demo.Web\TDF.Demo.Web.csproj", "{82777677-1B1A-4588-B91D-583A0FDD2936}"
EndProject
Project("{FAE04EC0-301F-11D3-BF4B-00C04F79EFBC}") = "TDF.Demo.Domain", "TDF.Demo.Domain\TDF.Demo.Domain.csproj", "{0951F479-DB89-40F1-B341-9617965694D7}"
EndProject
Project("{FAE04EC0-301F-11D3-BF4B-00C04F79EFBC}") = "TDF.Demo.Infrastructure", "TDF.Demo.Infrastructure\TDF.Demo.Infrastructure.csproj", "{E5427DD4-94CE-4E9F-B9C1-99F419A9A2F8}"
EndProject
Project("{FAE04EC0-301F-11D3-BF4B-00C04F79EFBC}") = "TDF.Demo.Repository", "TDF.Demo.Repository\TDF.Demo.Repository.csproj", "{8CE34196-8959-4E65-A825-51DAFFEAFCAD}"
EndProject
Project("{FAE04EC0-301F-11D3-BF4B-00C04F79EFBC}") = "TDF.Demo.Service", "TDF.Demo.Service\TDF.Demo.Service.csproj", "{B04FF652-9F25-4A57-BEF4-5A68476D98EF}"
EndProject
Project("{FAE04EC0-301F-11D3-BF4B-00C04F79EFBC}") = "TDF.Demo.AdminWeb", "TDF.Demo.AdminWeb\TDF.Demo.AdminWeb.csproj", "{CA55B1ED-AED7-474F-BD15-E4C0C7C8084A}"
EndProject
Project("{FAE04EC0-301F-11D3-BF4B-00C04F79EFBC}") = "TDF.Data.MongoDB", "TDF.Data.MongoDB\TDF.Data.MongoDB.csproj", "{688E3D46-D053-47FC-89A2-801AC3451403}"
EndProject
Project("{FAE04EC0-301F-11D3-BF4B-00C04F79EFBC}") = "TDF.Data.MongoDB.Test", "TDF.Data.MongoDB.Test\TDF.Data.MongoDB.Test.csproj", "{71DC337E-2479-49D6-9ED2-14A492BD70CC}"
EndProject
Project("{FAE04EC0-301F-11D3-BF4B-00C04F79EFBC}") = "TDF.Core.Test", "TDF.Core.Test\TDF.Core.Test.csproj", "{ACB0F3DD-AE4C-4439-A167-1D22BB679B61}"
EndProject
Project("{FAE04EC0-301F-11D3-BF4B-00C04F79EFBC}") = "TDF.Data", "TDF.Data\TDF.Data.csproj", "{6B4BBBC9-934D-4E1B-A5FB-EC4243F9470B}"
EndProject
Global
	GlobalSection(SolutionConfigurationPlatforms) = preSolution
		Debug|Any CPU = Debug|Any CPU
		Release|Any CPU = Release|Any CPU
	EndGlobalSection
	GlobalSection(ProjectConfigurationPlatforms) = postSolution
		{3D097079-8875-4EF6-9D4A-F6235D47FABD}.Debug|Any CPU.ActiveCfg = Debug|Any CPU
		{3D097079-8875-4EF6-9D4A-F6235D47FABD}.Debug|Any CPU.Build.0 = Debug|Any CPU
		{3D097079-8875-4EF6-9D4A-F6235D47FABD}.Release|Any CPU.ActiveCfg = Release|Any CPU
		{3D097079-8875-4EF6-9D4A-F6235D47FABD}.Release|Any CPU.Build.0 = Release|Any CPU
		{73052BAC-0598-44AF-A466-BB3C318C4D0D}.Debug|Any CPU.ActiveCfg = Debug|Any CPU
		{73052BAC-0598-44AF-A466-BB3C318C4D0D}.Debug|Any CPU.Build.0 = Debug|Any CPU
		{73052BAC-0598-44AF-A466-BB3C318C4D0D}.Release|Any CPU.ActiveCfg = Release|Any CPU
		{73052BAC-0598-44AF-A466-BB3C318C4D0D}.Release|Any CPU.Build.0 = Release|Any CPU
		{6F83CA84-FFB6-462D-BFFD-8B61EBA5F34A}.Debug|Any CPU.ActiveCfg = Debug|Any CPU
		{6F83CA84-FFB6-462D-BFFD-8B61EBA5F34A}.Debug|Any CPU.Build.0 = Debug|Any CPU
		{6F83CA84-FFB6-462D-BFFD-8B61EBA5F34A}.Release|Any CPU.ActiveCfg = Release|Any CPU
		{6F83CA84-FFB6-462D-BFFD-8B61EBA5F34A}.Release|Any CPU.Build.0 = Release|Any CPU
		{8A59A82C-DB1D-44F6-AA39-DCE7046B6401}.Debug|Any CPU.ActiveCfg = Debug|Any CPU
		{8A59A82C-DB1D-44F6-AA39-DCE7046B6401}.Debug|Any CPU.Build.0 = Debug|Any CPU
		{8A59A82C-DB1D-44F6-AA39-DCE7046B6401}.Release|Any CPU.ActiveCfg = Release|Any CPU
		{8A59A82C-DB1D-44F6-AA39-DCE7046B6401}.Release|Any CPU.Build.0 = Release|Any CPU
		{FD1B4768-289C-4B0D-966D-D2FA51B46669}.Debug|Any CPU.ActiveCfg = Debug|Any CPU
		{FD1B4768-289C-4B0D-966D-D2FA51B46669}.Debug|Any CPU.Build.0 = Debug|Any CPU
		{FD1B4768-289C-4B0D-966D-D2FA51B46669}.Release|Any CPU.ActiveCfg = Release|Any CPU
		{FD1B4768-289C-4B0D-966D-D2FA51B46669}.Release|Any CPU.Build.0 = Release|Any CPU
		{4A9DD239-CDDE-4284-85FF-3F23BC9A42E7}.Debug|Any CPU.ActiveCfg = Debug|Any CPU
		{4A9DD239-CDDE-4284-85FF-3F23BC9A42E7}.Debug|Any CPU.Build.0 = Debug|Any CPU
		{4A9DD239-CDDE-4284-85FF-3F23BC9A42E7}.Release|Any CPU.ActiveCfg = Release|Any CPU
		{4A9DD239-CDDE-4284-85FF-3F23BC9A42E7}.Release|Any CPU.Build.0 = Release|Any CPU
		{82777677-1B1A-4588-B91D-583A0FDD2936}.Debug|Any CPU.ActiveCfg = Debug|Any CPU
		{82777677-1B1A-4588-B91D-583A0FDD2936}.Debug|Any CPU.Build.0 = Debug|Any CPU
		{82777677-1B1A-4588-B91D-583A0FDD2936}.Release|Any CPU.ActiveCfg = Release|Any CPU
		{82777677-1B1A-4588-B91D-583A0FDD2936}.Release|Any CPU.Build.0 = Release|Any CPU
		{0951F479-DB89-40F1-B341-9617965694D7}.Debug|Any CPU.ActiveCfg = Debug|Any CPU
		{0951F479-DB89-40F1-B341-9617965694D7}.Debug|Any CPU.Build.0 = Debug|Any CPU
		{0951F479-DB89-40F1-B341-9617965694D7}.Release|Any CPU.ActiveCfg = Release|Any CPU
		{0951F479-DB89-40F1-B341-9617965694D7}.Release|Any CPU.Build.0 = Release|Any CPU
		{E5427DD4-94CE-4E9F-B9C1-99F419A9A2F8}.Debug|Any CPU.ActiveCfg = Debug|Any CPU
		{E5427DD4-94CE-4E9F-B9C1-99F419A9A2F8}.Debug|Any CPU.Build.0 = Debug|Any CPU
		{E5427DD4-94CE-4E9F-B9C1-99F419A9A2F8}.Release|Any CPU.ActiveCfg = Release|Any CPU
		{E5427DD4-94CE-4E9F-B9C1-99F419A9A2F8}.Release|Any CPU.Build.0 = Release|Any CPU
		{8CE34196-8959-4E65-A825-51DAFFEAFCAD}.Debug|Any CPU.ActiveCfg = Debug|Any CPU
		{8CE34196-8959-4E65-A825-51DAFFEAFCAD}.Debug|Any CPU.Build.0 = Debug|Any CPU
		{8CE34196-8959-4E65-A825-51DAFFEAFCAD}.Release|Any CPU.ActiveCfg = Release|Any CPU
		{8CE34196-8959-4E65-A825-51DAFFEAFCAD}.Release|Any CPU.Build.0 = Release|Any CPU
		{B04FF652-9F25-4A57-BEF4-5A68476D98EF}.Debug|Any CPU.ActiveCfg = Debug|Any CPU
		{B04FF652-9F25-4A57-BEF4-5A68476D98EF}.Debug|Any CPU.Build.0 = Debug|Any CPU
		{B04FF652-9F25-4A57-BEF4-5A68476D98EF}.Release|Any CPU.ActiveCfg = Release|Any CPU
		{B04FF652-9F25-4A57-BEF4-5A68476D98EF}.Release|Any CPU.Build.0 = Release|Any CPU
		{CA55B1ED-AED7-474F-BD15-E4C0C7C8084A}.Debug|Any CPU.ActiveCfg = Debug|Any CPU
		{CA55B1ED-AED7-474F-BD15-E4C0C7C8084A}.Debug|Any CPU.Build.0 = Debug|Any CPU
		{CA55B1ED-AED7-474F-BD15-E4C0C7C8084A}.Release|Any CPU.ActiveCfg = Release|Any CPU
		{CA55B1ED-AED7-474F-BD15-E4C0C7C8084A}.Release|Any CPU.Build.0 = Release|Any CPU
		{688E3D46-D053-47FC-89A2-801AC3451403}.Debug|Any CPU.ActiveCfg = Debug|Any CPU
		{688E3D46-D053-47FC-89A2-801AC3451403}.Debug|Any CPU.Build.0 = Debug|Any CPU
		{688E3D46-D053-47FC-89A2-801AC3451403}.Release|Any CPU.ActiveCfg = Release|Any CPU
		{688E3D46-D053-47FC-89A2-801AC3451403}.Release|Any CPU.Build.0 = Release|Any CPU
		{71DC337E-2479-49D6-9ED2-14A492BD70CC}.Debug|Any CPU.ActiveCfg = Debug|Any CPU
		{71DC337E-2479-49D6-9ED2-14A492BD70CC}.Debug|Any CPU.Build.0 = Debug|Any CPU
		{71DC337E-2479-49D6-9ED2-14A492BD70CC}.Release|Any CPU.ActiveCfg = Release|Any CPU
		{71DC337E-2479-49D6-9ED2-14A492BD70CC}.Release|Any CPU.Build.0 = Release|Any CPU
		{ACB0F3DD-AE4C-4439-A167-1D22BB679B61}.Debug|Any CPU.ActiveCfg = Debug|Any CPU
		{ACB0F3DD-AE4C-4439-A167-1D22BB679B61}.Debug|Any CPU.Build.0 = Debug|Any CPU
		{ACB0F3DD-AE4C-4439-A167-1D22BB679B61}.Release|Any CPU.ActiveCfg = Release|Any CPU
		{ACB0F3DD-AE4C-4439-A167-1D22BB679B61}.Release|Any CPU.Build.0 = Release|Any CPU
		{6B4BBBC9-934D-4E1B-A5FB-EC4243F9470B}.Debug|Any CPU.ActiveCfg = Debug|Any CPU
		{6B4BBBC9-934D-4E1B-A5FB-EC4243F9470B}.Debug|Any CPU.Build.0 = Debug|Any CPU
		{6B4BBBC9-934D-4E1B-A5FB-EC4243F9470B}.Release|Any CPU.ActiveCfg = Release|Any CPU
		{6B4BBBC9-934D-4E1B-A5FB-EC4243F9470B}.Release|Any CPU.Build.0 = Release|Any CPU
	EndGlobalSection
	GlobalSection(SolutionProperties) = preSolution
		HideSolutionNode = FALSE
	EndGlobalSection
	GlobalSection(NestedProjects) = preSolution
		{3D097079-8875-4EF6-9D4A-F6235D47FABD} = {5C0CA99E-3EF4-4C75-A8B2-EDF8BE844298}
		{73052BAC-0598-44AF-A466-BB3C318C4D0D} = {5C0CA99E-3EF4-4C75-A8B2-EDF8BE844298}
		{6F83CA84-FFB6-462D-BFFD-8B61EBA5F34A} = {5C0CA99E-3EF4-4C75-A8B2-EDF8BE844298}
		{8A59A82C-DB1D-44F6-AA39-DCE7046B6401} = {5C0CA99E-3EF4-4C75-A8B2-EDF8BE844298}
		{FD1B4768-289C-4B0D-966D-D2FA51B46669} = {B5C94C88-DC92-47D9-A20D-2086BD3F8799}
		{4A9DD239-CDDE-4284-85FF-3F23BC9A42E7} = {B5C94C88-DC92-47D9-A20D-2086BD3F8799}
		{995D1527-FAE0-4F36-BFA7-EC492DE5E1DD} = {63A1772B-2403-401F-9FCC-F8E4B76D5D43}
		{82777677-1B1A-4588-B91D-583A0FDD2936} = {63A1772B-2403-401F-9FCC-F8E4B76D5D43}
		{0951F479-DB89-40F1-B341-9617965694D7} = {63A1772B-2403-401F-9FCC-F8E4B76D5D43}
		{E5427DD4-94CE-4E9F-B9C1-99F419A9A2F8} = {63A1772B-2403-401F-9FCC-F8E4B76D5D43}
		{8CE34196-8959-4E65-A825-51DAFFEAFCAD} = {63A1772B-2403-401F-9FCC-F8E4B76D5D43}
		{B04FF652-9F25-4A57-BEF4-5A68476D98EF} = {63A1772B-2403-401F-9FCC-F8E4B76D5D43}
		{CA55B1ED-AED7-474F-BD15-E4C0C7C8084A} = {63A1772B-2403-401F-9FCC-F8E4B76D5D43}
		{688E3D46-D053-47FC-89A2-801AC3451403} = {5C0CA99E-3EF4-4C75-A8B2-EDF8BE844298}
		{71DC337E-2479-49D6-9ED2-14A492BD70CC} = {995D1527-FAE0-4F36-BFA7-EC492DE5E1DD}
		{ACB0F3DD-AE4C-4439-A167-1D22BB679B61} = {995D1527-FAE0-4F36-BFA7-EC492DE5E1DD}
		{6B4BBBC9-934D-4E1B-A5FB-EC4243F9470B} = {5C0CA99E-3EF4-4C75-A8B2-EDF8BE844298}
	EndGlobalSection
EndGlobal
